
Microsoft Visual Studio Solution File, Format Version 12.00
Project("{FAE04EC0-301F-11D3-BF4B-00C04F79EFBC}") = "Калькулятор_в_степени_в_одну_строку", "Калькулятор_в_степени_в_одну_строку\Калькулятор_в_степени_в_одну_строку.csproj", "{3CFD9AF1-9413-4613-81B8-68D528193CCF}"
EndProject
Global
	GlobalSection(SolutionConfigurationPlatforms) = preSolution
		Debug|Any CPU = Debug|Any CPU
		Release|Any CPU = Release|Any CPU
	EndGlobalSection
	GlobalSection(ProjectConfigurationPlatforms) = postSolution
		{3CFD9AF1-9413-4613-81B8-68D528193CCF}.Debug|Any CPU.ActiveCfg = Debug|Any CPU
		{3CFD9AF1-9413-4613-81B8-68D528193CCF}.Debug|Any CPU.Build.0 = Debug|Any CPU
		{3CFD9AF1-9413-4613-81B8-68D528193CCF}.Release|Any CPU.ActiveCfg = Release|Any CPU
		{3CFD9AF1-9413-4613-81B8-68D528193CCF}.Release|Any CPU.Build.0 = Release|Any CPU
	EndGlobalSection
EndGlobal
